
Microsoft Visual Studio Solution File, Format Version 10.00
# Visual Studio 2008
Project("{FAE04EC0-301F-11D3-BF4B-00C04F79EFBC}") = "PayrollTracker", "PayrollTracker\PayrollTracker.csproj", "{E187A0DC-45A1-436B-87D7-F13ADD8A534B}"
	ProjectSection(ProjectDependencies) = postProject
		{91A3C4A7-2556-4DA4-855B-11FFB6F98885} = {91A3C4A7-2556-4DA4-855B-11FFB6F98885}
	EndProjectSection
EndProject
Project("{FAE04EC0-301F-11D3-BF4B-00C04F79EFBC}") = "PayrollTracker.Tests", "PayrollTracker.Tests\PayrollTracker.Tests.csproj", "{C27DF43A-4527-4266-9D36-07D11A2D3CF1}"
	ProjectSection(ProjectDependencies) = postProject
		{91A3C4A7-2556-4DA4-855B-11FFB6F98885} = {91A3C4A7-2556-4DA4-855B-11FFB6F98885}
	EndProjectSection
EndProject
Project("{FAE04EC0-301F-11D3-BF4B-00C04F79EFBC}") = "PayrollTracker.FormsControlLibrary", "PayrollTracker.FormsControlLibrary\PayrollTracker.FormsControlLibrary.csproj", "{6F4582B3-84E8-49CC-BCDB-FA7C89B9299C}"
	ProjectSection(ProjectDependencies) = postProject
		{91A3C4A7-2556-4DA4-855B-11FFB6F98885} = {91A3C4A7-2556-4DA4-855B-11FFB6F98885}
	EndProjectSection
EndProject
Project("{FAE04EC0-301F-11D3-BF4B-00C04F79EFBC}") = "PayrollTracker.ModelClassLibrary", "PayrollTracker.ModelClassLibrary\PayrollTracker.ModelClassLibrary.csproj", "{91A3C4A7-2556-4DA4-855B-11FFB6F98885}"
EndProject
Global
	GlobalSection(SolutionConfigurationPlatforms) = preSolution
		Debug|Any CPU = Debug|Any CPU
		Release|Any CPU = Release|Any CPU
	EndGlobalSection
	GlobalSection(ProjectConfigurationPlatforms) = postSolution
		{E187A0DC-45A1-436B-87D7-F13ADD8A534B}.Debug|Any CPU.ActiveCfg = Debug|Any CPU
		{E187A0DC-45A1-436B-87D7-F13ADD8A534B}.Debug|Any CPU.Build.0 = Debug|Any CPU
		{E187A0DC-45A1-436B-87D7-F13ADD8A534B}.Release|Any CPU.ActiveCfg = Release|Any CPU
		{E187A0DC-45A1-436B-87D7-F13ADD8A534B}.Release|Any CPU.Build.0 = Release|Any CPU
		{C27DF43A-4527-4266-9D36-07D11A2D3CF1}.Debug|Any CPU.ActiveCfg = Debug|Any CPU
		{C27DF43A-4527-4266-9D36-07D11A2D3CF1}.Debug|Any CPU.Build.0 = Debug|Any CPU
		{C27DF43A-4527-4266-9D36-07D11A2D3CF1}.Release|Any CPU.ActiveCfg = Release|Any CPU
		{C27DF43A-4527-4266-9D36-07D11A2D3CF1}.Release|Any CPU.Build.0 = Release|Any CPU
		{6F4582B3-84E8-49CC-BCDB-FA7C89B9299C}.Debug|Any CPU.ActiveCfg = Debug|Any CPU
		{6F4582B3-84E8-49CC-BCDB-FA7C89B9299C}.Debug|Any CPU.Build.0 = Debug|Any CPU
		{6F4582B3-84E8-49CC-BCDB-FA7C89B9299C}.Release|Any CPU.ActiveCfg = Release|Any CPU
		{6F4582B3-84E8-49CC-BCDB-FA7C89B9299C}.Release|Any CPU.Build.0 = Release|Any CPU
		{91A3C4A7-2556-4DA4-855B-11FFB6F98885}.Debug|Any CPU.ActiveCfg = Debug|Any CPU
		{91A3C4A7-2556-4DA4-855B-11FFB6F98885}.Debug|Any CPU.Build.0 = Debug|Any CPU
		{91A3C4A7-2556-4DA4-855B-11FFB6F98885}.Release|Any CPU.ActiveCfg = Release|Any CPU
		{91A3C4A7-2556-4DA4-855B-11FFB6F98885}.Release|Any CPU.Build.0 = Release|Any CPU
	EndGlobalSection
	GlobalSection(SolutionProperties) = preSolution
		HideSolutionNode = FALSE
	EndGlobalSection
EndGlobal
